
Microsoft Visual Studio Solution File, Format Version 12.00
# Visual Studio Version 17
VisualStudioVersion = 17.3.32901.215
MinimumVisualStudioVersion = 10.0.40219.1
Project("{FAE04EC0-301F-11D3-BF4B-00C04F79EFBC}") = "form30", "form30\form30.csproj", "{9DCFC856-5526-479A-9DAA-F489C7081E20}"
EndProject
Global
	GlobalSection(SolutionConfigurationPlatforms) = preSolution
		Debug|Any CPU = Debug|Any CPU
		Release|Any CPU = Release|Any CPU
	EndGlobalSection
	GlobalSection(ProjectConfigurationPlatforms) = postSolution
		{9DCFC856-5526-479A-9DAA-F489C7081E20}.Debug|Any CPU.ActiveCfg = Debug|Any CPU
		{9DCFC856-5526-479A-9DAA-F489C7081E20}.Debug|Any CPU.Build.0 = Debug|Any CPU
		{9DCFC856-5526-479A-9DAA-F489C7081E20}.Release|Any CPU.ActiveCfg = Release|Any CPU
		{9DCFC856-5526-479A-9DAA-F489C7081E20}.Release|Any CPU.Build.0 = Release|Any CPU
	EndGlobalSection
	GlobalSection(SolutionProperties) = preSolution
		HideSolutionNode = FALSE
	EndGlobalSection
	GlobalSection(ExtensibilityGlobals) = postSolution
		SolutionGuid = {B2E13FD9-DCA7-400C-AA93-4424A0DF87FF}
	EndGlobalSection
EndGlobal
